
Microsoft Visual Studio Solution File, Format Version 12.00
# Visual Studio 15
VisualStudioVersion = 15.0.28307.645
MinimumVisualStudioVersion = 10.0.40219.1
Project("{9A19103F-16F7-4668-BE54-9A1E7A4F7556}") = "HiQoDataGenerator.Web", "HiQoDataGenerator.Web\HiQoDataGenerator.Web.csproj", "{CD835655-049E-44CB-9F2A-12E3B350196F}"
EndProject
Project("{9A19103F-16F7-4668-BE54-9A1E7A4F7556}") = "HiQoDataGenerator.Core", "HiQoDataGenerator.Core\HiQoDataGenerator.Core.csproj", "{F84841CA-1158-4909-AFB1-796D59CBC8DE}"
EndProject
Project("{9A19103F-16F7-4668-BE54-9A1E7A4F7556}") = "HiQoDataGenerator.DAL", "HiQoDataGenerator.DAL\HiQoDataGenerator.DAL.csproj", "{83EF0A29-40F0-4118-9215-764B1C923C87}"
EndProject
Project("{9A19103F-16F7-4668-BE54-9A1E7A4F7556}") = "HiQoDataGenerator.Tests", "HiQoDataGenerator.Tests\HiQoDataGenerator.Tests.csproj", "{E2EC00A6-65E0-418D-A0BC-B8FB84C25B45}"
	ProjectSection(ProjectDependencies) = postProject
		{CD835655-049E-44CB-9F2A-12E3B350196F} = {CD835655-049E-44CB-9F2A-12E3B350196F}
	EndProjectSection
EndProject
Project("{9A19103F-16F7-4668-BE54-9A1E7A4F7556}") = "HiQoDataGenerator.Infrastructure", "HiQoDataGenerator.Infrastructure\HiQoDataGenerator.Infrastructure.csproj", "{C13566AE-E87B-421B-BFF1-3C014FE2B8E0}"
EndProject
Project("{9A19103F-16F7-4668-BE54-9A1E7A4F7556}") = "HiQoDataGenerator.GeneratorCore", "HiQoDataGenerator.GeneratorCore\HiQoDataGenerator.GeneratorCore.csproj", "{DDFBA311-0555-4CE0-8991-DA077E436A7C}"
EndProject
Project("{9A19103F-16F7-4668-BE54-9A1E7A4F7556}") = "HiQoDataGenerator.EventBus", "HiQoDataGenerator.EventBus\HiQoDataGenerator.EventBus.csproj", "{B8E84DA4-38B2-48EC-9083-84BA18DA8090}"
Project("{FAE04EC0-301F-11D3-BF4B-00C04F79EFBC}") = "HiQoDataGenerator.Scheduler", "HiQoDataGenerator.Scheduler\HiQoDataGenerator.Scheduler.csproj", "{653B0458-1DD1-4F53-B49E-AA91B8B96D1A}"
EndProject
Global
	GlobalSection(SolutionConfigurationPlatforms) = preSolution
		Debug|Any CPU = Debug|Any CPU
		Release|Any CPU = Release|Any CPU
	EndGlobalSection
	GlobalSection(ProjectConfigurationPlatforms) = postSolution
		{CD835655-049E-44CB-9F2A-12E3B350196F}.Debug|Any CPU.ActiveCfg = Debug|Any CPU
		{CD835655-049E-44CB-9F2A-12E3B350196F}.Debug|Any CPU.Build.0 = Debug|Any CPU
		{CD835655-049E-44CB-9F2A-12E3B350196F}.Release|Any CPU.ActiveCfg = Release|Any CPU
		{CD835655-049E-44CB-9F2A-12E3B350196F}.Release|Any CPU.Build.0 = Release|Any CPU
		{F84841CA-1158-4909-AFB1-796D59CBC8DE}.Debug|Any CPU.ActiveCfg = Debug|Any CPU
		{F84841CA-1158-4909-AFB1-796D59CBC8DE}.Debug|Any CPU.Build.0 = Debug|Any CPU
		{F84841CA-1158-4909-AFB1-796D59CBC8DE}.Release|Any CPU.ActiveCfg = Release|Any CPU
		{F84841CA-1158-4909-AFB1-796D59CBC8DE}.Release|Any CPU.Build.0 = Release|Any CPU
		{83EF0A29-40F0-4118-9215-764B1C923C87}.Debug|Any CPU.ActiveCfg = Debug|Any CPU
		{83EF0A29-40F0-4118-9215-764B1C923C87}.Debug|Any CPU.Build.0 = Debug|Any CPU
		{83EF0A29-40F0-4118-9215-764B1C923C87}.Release|Any CPU.ActiveCfg = Release|Any CPU
		{83EF0A29-40F0-4118-9215-764B1C923C87}.Release|Any CPU.Build.0 = Release|Any CPU
		{E2EC00A6-65E0-418D-A0BC-B8FB84C25B45}.Debug|Any CPU.ActiveCfg = Debug|Any CPU
		{E2EC00A6-65E0-418D-A0BC-B8FB84C25B45}.Debug|Any CPU.Build.0 = Debug|Any CPU
		{E2EC00A6-65E0-418D-A0BC-B8FB84C25B45}.Release|Any CPU.ActiveCfg = Release|Any CPU
		{E2EC00A6-65E0-418D-A0BC-B8FB84C25B45}.Release|Any CPU.Build.0 = Release|Any CPU
		{C13566AE-E87B-421B-BFF1-3C014FE2B8E0}.Debug|Any CPU.ActiveCfg = Debug|Any CPU
		{C13566AE-E87B-421B-BFF1-3C014FE2B8E0}.Debug|Any CPU.Build.0 = Debug|Any CPU
		{C13566AE-E87B-421B-BFF1-3C014FE2B8E0}.Release|Any CPU.ActiveCfg = Release|Any CPU
		{C13566AE-E87B-421B-BFF1-3C014FE2B8E0}.Release|Any CPU.Build.0 = Release|Any CPU
		{DDFBA311-0555-4CE0-8991-DA077E436A7C}.Debug|Any CPU.ActiveCfg = Debug|Any CPU
		{DDFBA311-0555-4CE0-8991-DA077E436A7C}.Debug|Any CPU.Build.0 = Debug|Any CPU
		{DDFBA311-0555-4CE0-8991-DA077E436A7C}.Release|Any CPU.ActiveCfg = Release|Any CPU
		{DDFBA311-0555-4CE0-8991-DA077E436A7C}.Release|Any CPU.Build.0 = Release|Any CPU
		{B8E84DA4-38B2-48EC-9083-84BA18DA8090}.Debug|Any CPU.ActiveCfg = Debug|Any CPU
		{B8E84DA4-38B2-48EC-9083-84BA18DA8090}.Debug|Any CPU.Build.0 = Debug|Any CPU
		{B8E84DA4-38B2-48EC-9083-84BA18DA8090}.Release|Any CPU.ActiveCfg = Release|Any CPU
		{B8E84DA4-38B2-48EC-9083-84BA18DA8090}.Release|Any CPU.Build.0 = Release|Any CPU
		{653B0458-1DD1-4F53-B49E-AA91B8B96D1A}.Debug|Any CPU.ActiveCfg = Debug|Any CPU
		{653B0458-1DD1-4F53-B49E-AA91B8B96D1A}.Debug|Any CPU.Build.0 = Debug|Any CPU
		{653B0458-1DD1-4F53-B49E-AA91B8B96D1A}.Release|Any CPU.ActiveCfg = Release|Any CPU
		{653B0458-1DD1-4F53-B49E-AA91B8B96D1A}.Release|Any CPU.Build.0 = Release|Any CPU
	EndGlobalSection
	GlobalSection(SolutionProperties) = preSolution
		HideSolutionNode = FALSE
	EndGlobalSection
	GlobalSection(ExtensibilityGlobals) = postSolution
		SolutionGuid = {861A4EA3-3094-4250-9458-83E93AE982D5}
	EndGlobalSection
EndGlobal
